
Microsoft Visual Studio Solution File, Format Version 12.00
# Visual Studio Version 17
VisualStudioVersion = 17.14.36212.18 d17.14
MinimumVisualStudioVersion = 10.0.40219.1
Project("{FAE04EC0-301F-11D3-BF4B-00C04F79EFBC}") = "DemoApp", "DemoApp\DemoApp.csproj", "{2BCB5B8A-674C-4F93-B344-BF76E2706610}"
EndProject
Global
	GlobalSection(SolutionConfigurationPlatforms) = preSolution
		Debug|Any CPU = Debug|Any CPU
		Release|Any CPU = Release|Any CPU
	EndGlobalSection
	GlobalSection(ProjectConfigurationPlatforms) = postSolution
		{2BCB5B8A-674C-4F93-B344-BF76E2706610}.Debug|Any CPU.ActiveCfg = Debug|Any CPU
		{2BCB5B8A-674C-4F93-B344-BF76E2706610}.Debug|Any CPU.Build.0 = Debug|Any CPU
		{2BCB5B8A-674C-4F93-B344-BF76E2706610}.Release|Any CPU.ActiveCfg = Release|Any CPU
		{2BCB5B8A-674C-4F93-B344-BF76E2706610}.Release|Any CPU.Build.0 = Release|Any CPU
	EndGlobalSection
	GlobalSection(SolutionProperties) = preSolution
		HideSolutionNode = FALSE
	EndGlobalSection
	GlobalSection(ExtensibilityGlobals) = postSolution
		SolutionGuid = {33191573-D10C-41DD-8672-B16C9AC9BCBD}
	EndGlobalSection
EndGlobal
